// !$*UTF8*$!
{
	archiveVersion = 1;
	classes = {
	};
	objectVersion = 51;
	objects = {

/* Begin PBXBuildFile section */
		14AB6C111AC62D9E5D20FDC1 /* Pods_Swift_WatchTests.framework in Frameworks */ = {isa = PBXBuildFile; fileRef = 3AAC578009122B38568CDC0F /* Pods_Swift_WatchTests.framework */; };
		700C8988CF22B74F58B5C504 /* Pods_Swift_Watch_Swift_WatchUITests.framework in Frameworks */ = {isa = PBXBuildFile; fileRef = 1C015570C72D1A952B9526EF /* Pods_Swift_Watch_Swift_WatchUITests.framework */; };
		B7A12A30490BD49537596659 /* Pods_Swift_Watch.framework in Frameworks */ = {isa = PBXBuildFile; fileRef = 28728A972C987AEBD1734497 /* Pods_Swift_Watch.framework */; };
		D602358824DB55F200DFDB02 /* Credits.swift in Sources */ = {isa = PBXBuildFile; fileRef = D602358724DB55F200DFDB02 /* Credits.swift */; };
		D6040F3224DCB02F0020815B /* Backdrop.swift in Sources */ = {isa = PBXBuildFile; fileRef = D6040F3124DCB02F0020815B /* Backdrop.swift */; };
		D6040F3624DDFB920020815B /* CastCollectionView.swift in Sources */ = {isa = PBXBuildFile; fileRef = D6040F3524DDFB920020815B /* CastCollectionView.swift */; };
		D60921B724CB514A001339EE /* FloatingTabBarView.swift in Sources */ = {isa = PBXBuildFile; fileRef = D60921B624CB514A001339EE /* FloatingTabBarView.swift */; };
		D611F76324CA753700B3FE6A /* UIView+Additions.swift in Sources */ = {isa = PBXBuildFile; fileRef = D611F76224CA753700B3FE6A /* UIView+Additions.swift */; };
		D619A784251496E6002639B2 /* Season.swift in Sources */ = {isa = PBXBuildFile; fileRef = D619A783251496E6002639B2 /* Season.swift */; };
		D619A78625149E2F002639B2 /* ShowDetailSeasons.swift in Sources */ = {isa = PBXBuildFile; fileRef = D619A78525149E2F002639B2 /* ShowDetailSeasons.swift */; };
		D62B4518251D072B00FF31DA /* Cache.swift in Sources */ = {isa = PBXBuildFile; fileRef = D62B4517251D072B00FF31DA /* Cache.swift */; };
		D636CC5524CFB6C000361614 /* MovieDetail.swift in Sources */ = {isa = PBXBuildFile; fileRef = D636CC5424CFB6C000361614 /* MovieDetail.swift */; };
		D6391E0B251E8D0C00F8C01A /* SeasonsView.swift in Sources */ = {isa = PBXBuildFile; fileRef = D6391E0A251E8D0C00F8C01A /* SeasonsView.swift */; };
		D64241A524F6C1E700D1372D /* Poster.swift in Sources */ = {isa = PBXBuildFile; fileRef = D64241A424F6C1E700D1372D /* Poster.swift */; };
		D6464FC624CA306E00C4497E /* AppDelegate.swift in Sources */ = {isa = PBXBuildFile; fileRef = D6464FC524CA306E00C4497E /* AppDelegate.swift */; };
		D6464FC824CA306E00C4497E /* SceneDelegate.swift in Sources */ = {isa = PBXBuildFile; fileRef = D6464FC724CA306E00C4497E /* SceneDelegate.swift */; };
		D6464FCA24CA306E00C4497E /* TabBarController.swift in Sources */ = {isa = PBXBuildFile; fileRef = D6464FC924CA306E00C4497E /* TabBarController.swift */; };
		D6464FCF24CA306F00C4497E /* Assets.xcassets in Resources */ = {isa = PBXBuildFile; fileRef = D6464FCE24CA306F00C4497E /* Assets.xcassets */; };
		D6464FD224CA306F00C4497E /* LaunchScreen.storyboard in Resources */ = {isa = PBXBuildFile; fileRef = D6464FD024CA306F00C4497E /* LaunchScreen.storyboard */; };
		D6464FDD24CA306F00C4497E /* Swift_WatchTests.swift in Sources */ = {isa = PBXBuildFile; fileRef = D6464FDC24CA306F00C4497E /* Swift_WatchTests.swift */; };
		D6464FE824CA306F00C4497E /* Swift_WatchUITests.swift in Sources */ = {isa = PBXBuildFile; fileRef = D6464FE724CA306F00C4497E /* Swift_WatchUITests.swift */; };
		D648C05124F8CB1E00733F8B /* InfoStackView.swift in Sources */ = {isa = PBXBuildFile; fileRef = D648C05024F8CB1E00733F8B /* InfoStackView.swift */; };
		D64EB41624E36EA800B608CF /* MovieDetailRecommendations.swift in Sources */ = {isa = PBXBuildFile; fileRef = D64EB41524E36EA800B608CF /* MovieDetailRecommendations.swift */; };
		D64EB41824E4E9AD00B608CF /* CreditDetailModal.swift in Sources */ = {isa = PBXBuildFile; fileRef = D64EB41724E4E9AD00B608CF /* CreditDetailModal.swift */; };
		D64FB55124CF391100C03A98 /* MovieCollectionView.swift in Sources */ = {isa = PBXBuildFile; fileRef = D64FB55024CF391100C03A98 /* MovieCollectionView.swift */; };
		D650B97C24CB855300DD1E61 /* Genre.swift in Sources */ = {isa = PBXBuildFile; fileRef = D650B97B24CB855300DD1E61 /* Genre.swift */; };
		D650B97E24CB858100DD1E61 /* Movie.swift in Sources */ = {isa = PBXBuildFile; fileRef = D650B97D24CB858100DD1E61 /* Movie.swift */; };
		D650B98024CB878500DD1E61 /* Date+Additions.swift in Sources */ = {isa = PBXBuildFile; fileRef = D650B97F24CB878500DD1E61 /* Date+Additions.swift */; };
		D650B98224CB948800DD1E61 /* Cast.swift in Sources */ = {isa = PBXBuildFile; fileRef = D650B98124CB948800DD1E61 /* Cast.swift */; };
		D650B98624CB99AF00DD1E61 /* Crew.swift in Sources */ = {isa = PBXBuildFile; fileRef = D650B98524CB99AF00DD1E61 /* Crew.swift */; };
		D650B98824CB9C5700DD1E61 /* ReusableCell.swift in Sources */ = {isa = PBXBuildFile; fileRef = D650B98724CB9C5700DD1E61 /* ReusableCell.swift */; };
		D650B99024CBB63500DD1E61 /* MovieSection.swift in Sources */ = {isa = PBXBuildFile; fileRef = D650B98F24CBB63500DD1E61 /* MovieSection.swift */; };
		D654B9C324FB82EB005620FD /* UILabel+Additions.swift in Sources */ = {isa = PBXBuildFile; fileRef = D654B9C224FB82EB005620FD /* UILabel+Additions.swift */; };
		D65994B624D1E45F003C7DF9 /* placeholderPoster_dark.pdf in Resources */ = {isa = PBXBuildFile; fileRef = D65994B424D1E45F003C7DF9 /* placeholderPoster_dark.pdf */; };
		D65994B724D1E45F003C7DF9 /* placeholderPoster.pdf in Resources */ = {isa = PBXBuildFile; fileRef = D65994B524D1E45F003C7DF9 /* placeholderPoster.pdf */; };
		D65994B924D328FC003C7DF9 /* MovieDetailViewController.swift in Sources */ = {isa = PBXBuildFile; fileRef = D65994B824D328FC003C7DF9 /* MovieDetailViewController.swift */; };
		D6689DBF24DA0F5B0061C45C /* UIImageView+Additions.swift in Sources */ = {isa = PBXBuildFile; fileRef = D6689DBE24DA0F5B0061C45C /* UIImageView+Additions.swift */; };
		D6689DC224DA11F90061C45C /* placeholderBackdrop_dark.pdf in Resources */ = {isa = PBXBuildFile; fileRef = D6689DC024DA11F80061C45C /* placeholderBackdrop_dark.pdf */; };
		D6689DC324DA11F90061C45C /* placeholderBackdrop.pdf in Resources */ = {isa = PBXBuildFile; fileRef = D6689DC124DA11F90061C45C /* placeholderBackdrop.pdf */; };
		D6689DC524DB38CC0061C45C /* Int+Additions.swift in Sources */ = {isa = PBXBuildFile; fileRef = D6689DC424DB38CC0061C45C /* Int+Additions.swift */; };
		D6689DC724DB4CAF0061C45C /* RegularCell.swift in Sources */ = {isa = PBXBuildFile; fileRef = D6689DC624DB4CAF0061C45C /* RegularCell.swift */; };
		D6689DC924DB52580061C45C /* UIImageColors.swift in Sources */ = {isa = PBXBuildFile; fileRef = D6689DC824DB52580061C45C /* UIImageColors.swift */; };
		D669601524CA369000FF0758 /* MoviesViewController.swift in Sources */ = {isa = PBXBuildFile; fileRef = D669601424CA369000FF0758 /* MoviesViewController.swift */; };
		D669601724CA36A000FF0758 /* ShowsViewController.swift in Sources */ = {isa = PBXBuildFile; fileRef = D669601624CA36A000FF0758 /* ShowsViewController.swift */; };
		D679EF6C2508A648002196D6 /* Array+Additions.swift in Sources */ = {isa = PBXBuildFile; fileRef = D679EF6B2508A648002196D6 /* Array+Additions.swift */; };
		D67F8AFE252A95910045141F /* CreditsTableView.swift in Sources */ = {isa = PBXBuildFile; fileRef = D67F8AFD252A95910045141F /* CreditsTableView.swift */; };
		D67F8B03252A9E480045141F /* CreditsTableViewCell.swift in Sources */ = {isa = PBXBuildFile; fileRef = D67F8B02252A9E480045141F /* CreditsTableViewCell.swift */; };
		D697C9A0253820050045EE96 /* Endpoint.swift in Sources */ = {isa = PBXBuildFile; fileRef = D697C99F253820050045EE96 /* Endpoint.swift */; };
		D697C9A92538253D0045EE96 /* ShowEndpoint.swift in Sources */ = {isa = PBXBuildFile; fileRef = D697C9A82538253D0045EE96 /* ShowEndpoint.swift */; };
		D697C9AE25382D0E0045EE96 /* NetworkManager.swift in Sources */ = {isa = PBXBuildFile; fileRef = D697C9AD25382D0E0045EE96 /* NetworkManager.swift */; };
		D697C9B325383C260045EE96 /* MovieEndpoint.swift in Sources */ = {isa = PBXBuildFile; fileRef = D697C9B225383C260045EE96 /* MovieEndpoint.swift */; };
		D697C9B825383FB80045EE96 /* PersonEndpoint.swift in Sources */ = {isa = PBXBuildFile; fileRef = D697C9B725383FB80045EE96 /* PersonEndpoint.swift */; };
		D6A0548E24E30530009C87B2 /* String+Additions.swift in Sources */ = {isa = PBXBuildFile; fileRef = D6A0548D24E30530009C87B2 /* String+Additions.swift */; };
		D6A0549024E33BE0009C87B2 /* OverviewHeader.swift in Sources */ = {isa = PBXBuildFile; fileRef = D6A0548F24E33BE0009C87B2 /* OverviewHeader.swift */; };
		D6A4DF402523E7D9008495AD /* SeasonDetail.swift in Sources */ = {isa = PBXBuildFile; fileRef = D6A4DF3F2523E7D9008495AD /* SeasonDetail.swift */; };
		D6A4DF452523E80F008495AD /* Episode.swift in Sources */ = {isa = PBXBuildFile; fileRef = D6A4DF442523E80F008495AD /* Episode.swift */; };
		D6A4DF4D2523F1EF008495AD /* SeasonsViewCell.swift in Sources */ = {isa = PBXBuildFile; fileRef = D6A4DF4C2523F1EF008495AD /* SeasonsViewCell.swift */; };
		D6A4DF622526409C008495AD /* SeasonsViewHeader.swift in Sources */ = {isa = PBXBuildFile; fileRef = D6A4DF612526409C008495AD /* SeasonsViewHeader.swift */; };
		D6A4DF872527CEBA008495AD /* EpisodeView.swift in Sources */ = {isa = PBXBuildFile; fileRef = D6A4DF862527CEBA008495AD /* EpisodeView.swift */; };
		D6A961D4252E36B40021D6CE /* RegularCell2.swift in Sources */ = {isa = PBXBuildFile; fileRef = D6A961D3252E36B40021D6CE /* RegularCell2.swift */; };
		D6BA607D2502243500998093 /* Constants.swift in Sources */ = {isa = PBXBuildFile; fileRef = D6BA607C2502243500998093 /* Constants.swift */; };
		D6BA6087250224E100998093 /* Keys.plist in Resources */ = {isa = PBXBuildFile; fileRef = D6BA6086250224E100998093 /* Keys.plist */; };
		D6C39B0424EB64000033C11B /* UICollectionView+Additions.swift in Sources */ = {isa = PBXBuildFile; fileRef = D6C39B0324EB64000033C11B /* UICollectionView+Additions.swift */; };
		D6C39B0624EBC7CC0033C11B /* MovieSectionCell.swift in Sources */ = {isa = PBXBuildFile; fileRef = D6C39B0524EBC7CC0033C11B /* MovieSectionCell.swift */; };
		D6C39B0824EBC8770033C11B /* FeaturedCell.swift in Sources */ = {isa = PBXBuildFile; fileRef = D6C39B0724EBC8770033C11B /* FeaturedCell.swift */; };
		D6C39B0A24EBCC410033C11B /* CGFloat+Additions.swift in Sources */ = {isa = PBXBuildFile; fileRef = D6C39B0924EBCC410033C11B /* CGFloat+Additions.swift */; };
		D6C39B0C24EBD1810033C11B /* MovieFeaturedCollectionView.swift in Sources */ = {isa = PBXBuildFile; fileRef = D6C39B0B24EBD1810033C11B /* MovieFeaturedCollectionView.swift */; };
		D6C39B0E24F43E820033C11B /* PersonDetail.swift in Sources */ = {isa = PBXBuildFile; fileRef = D6C39B0D24F43E820033C11B /* PersonDetail.swift */; };
		D6C39B1424F4B5400033C11B /* Media.swift in Sources */ = {isa = PBXBuildFile; fileRef = D6C39B1324F4B5400033C11B /* Media.swift */; };
		D6CB0EAB252ADEEE00F46C02 /* Theme.swift in Sources */ = {isa = PBXBuildFile; fileRef = D6CB0EAA252ADEEE00F46C02 /* Theme.swift */; };
		D6CB0EC9252BB73000F46C02 /* search.pdf in Resources */ = {isa = PBXBuildFile; fileRef = D6CB0EC8252BB73000F46C02 /* search.pdf */; };
		D6D63BB9250589EA002C60FA /* ShowsCollectionView.swift in Sources */ = {isa = PBXBuildFile; fileRef = D6D63BB8250589EA002C60FA /* ShowsCollectionView.swift */; };
		D6D63BBB25058B26002C60FA /* ShowsFeaturedCollectionView.swift in Sources */ = {isa = PBXBuildFile; fileRef = D6D63BBA25058B26002C60FA /* ShowsFeaturedCollectionView.swift */; };
		D6D63BBD25058D63002C60FA /* Show.swift in Sources */ = {isa = PBXBuildFile; fileRef = D6D63BBC25058D63002C60FA /* Show.swift */; };
		D6D63BBF25058D8C002C60FA /* ShowSection.swift in Sources */ = {isa = PBXBuildFile; fileRef = D6D63BBE25058D8C002C60FA /* ShowSection.swift */; };
		D6D63BC125058DAB002C60FA /* ShowSectionCell.swift in Sources */ = {isa = PBXBuildFile; fileRef = D6D63BC025058DAB002C60FA /* ShowSectionCell.swift */; };
		D6D63BC325058E20002C60FA /* ShowDetailViewController.swift in Sources */ = {isa = PBXBuildFile; fileRef = D6D63BC225058E20002C60FA /* ShowDetailViewController.swift */; };
		D6D63BC525058EF8002C60FA /* ShowDetail.swift in Sources */ = {isa = PBXBuildFile; fileRef = D6D63BC425058EF8002C60FA /* ShowDetail.swift */; };
		D6E3686624CA737A00863736 /* UIImage+Additions.swift in Sources */ = {isa = PBXBuildFile; fileRef = D6E3686524CA737A00863736 /* UIImage+Additions.swift */; };
		D6EE65A024CAAE9C0033C9F2 /* shows.pdf in Resources */ = {isa = PBXBuildFile; fileRef = D6EE659E24CAAE9C0033C9F2 /* shows.pdf */; };
		D6EE65A124CAAE9C0033C9F2 /* movies.pdf in Resources */ = {isa = PBXBuildFile; fileRef = D6EE659F24CAAE9C0033C9F2 /* movies.pdf */; };
		D6EED056250CA7060029CC87 /* CreatorsCollectionView.swift in Sources */ = {isa = PBXBuildFile; fileRef = D6EED055250CA7060029CC87 /* CreatorsCollectionView.swift */; };
		D6EED058250CA88E0029CC87 /* CreatorsCollectionViewCell.swift in Sources */ = {isa = PBXBuildFile; fileRef = D6EED057250CA88E0029CC87 /* CreatorsCollectionViewCell.swift */; };
		D6EEF10B2502187D00BBC44A /* FetchTypes.swift in Sources */ = {isa = PBXBuildFile; fileRef = D6EEF10A2502187D00BBC44A /* FetchTypes.swift */; };
		D6EF10292518589400F035A7 /* HorizontalCollectionView.swift in Sources */ = {isa = PBXBuildFile; fileRef = D6EF10282518589400F035A7 /* HorizontalCollectionView.swift */; };
		D6EF10342518ABB400F035A7 /* CVTCell.swift in Sources */ = {isa = PBXBuildFile; fileRef = D6EF10332518ABB400F035A7 /* CVTCell.swift */; };
		D6F10540250EEC1C0080D1F6 /* ShowDetailRecommendations.swift in Sources */ = {isa = PBXBuildFile; fileRef = D6F1053F250EEC1C0080D1F6 /* ShowDetailRecommendations.swift */; };
		D6F214382519509D00241F56 /* CollectionViewHeader.swift in Sources */ = {isa = PBXBuildFile; fileRef = D6F214372519509D00241F56 /* CollectionViewHeader.swift */; };
		D6F545CF24FD5C0F00700677 /* CreditDetailNotableWorks.swift in Sources */ = {isa = PBXBuildFile; fileRef = D6F545CE24FD5C0F00700677 /* CreditDetailNotableWorks.swift */; };
/* End PBXBuildFile section */

/* Begin PBXContainerItemProxy section */
		D6464FD924CA306F00C4497E /* PBXContainerItemProxy */ = {
			isa = PBXContainerItemProxy;
			containerPortal = D6464FBA24CA306E00C4497E /* Project object */;
			proxyType = 1;
			remoteGlobalIDString = D6464FC124CA306E00C4497E;
			remoteInfo = "Swift Watch";
		};
		D6464FE424CA306F00C4497E /* PBXContainerItemProxy */ = {
			isa = PBXContainerItemProxy;
			containerPortal = D6464FBA24CA306E00C4497E /* Project object */;
			proxyType = 1;
			remoteGlobalIDString = D6464FC124CA306E00C4497E;
			remoteInfo = "Swift Watch";
		};
/* End PBXContainerItemProxy section */

/* Begin PBXFileReference section */
		186D49410E30686A1FC0AAFA /* Pods-Swift Watch.release.xcconfig */ = {isa = PBXFileReference; includeInIndex = 1; lastKnownFileType = text.xcconfig; name = "Pods-Swift Watch.release.xcconfig"; path = "Target Support Files/Pods-Swift Watch/Pods-Swift Watch.release.xcconfig"; sourceTree = "<group>"; };
		1C015570C72D1A952B9526EF /* Pods_Swift_Watch_Swift_WatchUITests.framework */ = {isa = PBXFileReference; explicitFileType = wrapper.framework; includeInIndex = 0; path = Pods_Swift_Watch_Swift_WatchUITests.framework; sourceTree = BUILT_PRODUCTS_DIR; };
		28728A972C987AEBD1734497 /* Pods_Swift_Watch.framework */ = {isa = PBXFileReference; explicitFileType = wrapper.framework; includeInIndex = 0; path = Pods_Swift_Watch.framework; sourceTree = BUILT_PRODUCTS_DIR; };
		32A345F94D379E9B222147F8 /* Pods-Swift WatchTests.debug.xcconfig */ = {isa = PBXFileReference; includeInIndex = 1; lastKnownFileType = text.xcconfig; name = "Pods-Swift WatchTests.debug.xcconfig"; path = "Target Support Files/Pods-Swift WatchTests/Pods-Swift WatchTests.debug.xcconfig"; sourceTree = "<group>"; };
		3AAC578009122B38568CDC0F /* Pods_Swift_WatchTests.framework */ = {isa = PBXFileReference; explicitFileType = wrapper.framework; includeInIndex = 0; path = Pods_Swift_WatchTests.framework; sourceTree = BUILT_PRODUCTS_DIR; };
		A3EF17058EB55B20963E4D33 /* Pods-Swift Watch-Swift WatchUITests.debug.xcconfig */ = {isa = PBXFileReference; includeInIndex = 1; lastKnownFileType = text.xcconfig; name = "Pods-Swift Watch-Swift WatchUITests.debug.xcconfig"; path = "Target Support Files/Pods-Swift Watch-Swift WatchUITests/Pods-Swift Watch-Swift WatchUITests.debug.xcconfig"; sourceTree = "<group>"; };
		D602358724DB55F200DFDB02 /* Credits.swift */ = {isa = PBXFileReference; lastKnownFileType = sourcecode.swift; path = Credits.swift; sourceTree = "<group>"; };
		D6040F3124DCB02F0020815B /* Backdrop.swift */ = {isa = PBXFileReference; lastKnownFileType = sourcecode.swift; path = Backdrop.swift; sourceTree = "<group>"; };
		D6040F3524DDFB920020815B /* CastCollectionView.swift */ = {isa = PBXFileReference; lastKnownFileType = sourcecode.swift; path = CastCollectionView.swift; sourceTree = "<group>"; };
		D60921B624CB514A001339EE /* FloatingTabBarView.swift */ = {isa = PBXFileReference; lastKnownFileType = sourcecode.swift; path = FloatingTabBarView.swift; sourceTree = "<group>"; };
		D611F76224CA753700B3FE6A /* UIView+Additions.swift */ = {isa = PBXFileReference; lastKnownFileType = sourcecode.swift; path = "UIView+Additions.swift"; sourceTree = "<group>"; };
		D619A783251496E6002639B2 /* Season.swift */ = {isa = PBXFileReference; lastKnownFileType = sourcecode.swift; path = Season.swift; sourceTree = "<group>"; };
		D619A78525149E2F002639B2 /* ShowDetailSeasons.swift */ = {isa = PBXFileReference; lastKnownFileType = sourcecode.swift; path = ShowDetailSeasons.swift; sourceTree = "<group>"; };
		D62B45102519D87700FF31DA /* README.md */ = {isa = PBXFileReference; lastKnownFileType = net.daringfireball.markdown; path = README.md; sourceTree = "<group>"; };
		D62B4517251D072B00FF31DA /* Cache.swift */ = {isa = PBXFileReference; lastKnownFileType = sourcecode.swift; path = Cache.swift; sourceTree = "<group>"; };
		D636CC5424CFB6C000361614 /* MovieDetail.swift */ = {isa = PBXFileReference; lastKnownFileType = sourcecode.swift; path = MovieDetail.swift; sourceTree = "<group>"; };
		D6391E0A251E8D0C00F8C01A /* SeasonsView.swift */ = {isa = PBXFileReference; lastKnownFileType = sourcecode.swift; path = SeasonsView.swift; sourceTree = "<group>"; };
		D64241A424F6C1E700D1372D /* Poster.swift */ = {isa = PBXFileReference; lastKnownFileType = sourcecode.swift; path = Poster.swift; sourceTree = "<group>"; };
		D6464FC224CA306E00C4497E /* Swift Watch.app */ = {isa = PBXFileReference; explicitFileType = wrapper.application; includeInIndex = 0; path = "Swift Watch.app"; sourceTree = BUILT_PRODUCTS_DIR; };
		D6464FC524CA306E00C4497E /* AppDelegate.swift */ = {isa = PBXFileReference; lastKnownFileType = sourcecode.swift; path = AppDelegate.swift; sourceTree = "<group>"; };
		D6464FC724CA306E00C4497E /* SceneDelegate.swift */ = {isa = PBXFileReference; lastKnownFileType = sourcecode.swift; path = SceneDelegate.swift; sourceTree = "<group>"; };
		D6464FC924CA306E00C4497E /* TabBarController.swift */ = {isa = PBXFileReference; lastKnownFileType = sourcecode.swift; path = TabBarController.swift; sourceTree = "<group>"; };
		D6464FCE24CA306F00C4497E /* Assets.xcassets */ = {isa = PBXFileReference; lastKnownFileType = folder.assetcatalog; path = Assets.xcassets; sourceTree = "<group>"; };
		D6464FD124CA306F00C4497E /* Base */ = {isa = PBXFileReference; lastKnownFileType = file.storyboard; name = Base; path = Base.lproj/LaunchScreen.storyboard; sourceTree = "<group>"; };
		D6464FD324CA306F00C4497E /* Info.plist */ = {isa = PBXFileReference; lastKnownFileType = text.plist.xml; path = Info.plist; sourceTree = "<group>"; };
		D6464FD824CA306F00C4497E /* Swift WatchTests.xctest */ = {isa = PBXFileReference; explicitFileType = wrapper.cfbundle; includeInIndex = 0; path = "Swift WatchTests.xctest"; sourceTree = BUILT_PRODUCTS_DIR; };
		D6464FDC24CA306F00C4497E /* Swift_WatchTests.swift */ = {isa = PBXFileReference; lastKnownFileType = sourcecode.swift; path = Swift_WatchTests.swift; sourceTree = "<group>"; };
		D6464FDE24CA306F00C4497E /* Info.plist */ = {isa = PBXFileReference; lastKnownFileType = text.plist.xml; path = Info.plist; sourceTree = "<group>"; };
		D6464FE324CA306F00C4497E /* Swift WatchUITests.xctest */ = {isa = PBXFileReference; explicitFileType = wrapper.cfbundle; includeInIndex = 0; path = "Swift WatchUITests.xctest"; sourceTree = BUILT_PRODUCTS_DIR; };
		D6464FE724CA306F00C4497E /* Swift_WatchUITests.swift */ = {isa = PBXFileReference; lastKnownFileType = sourcecode.swift; path = Swift_WatchUITests.swift; sourceTree = "<group>"; };
		D6464FE924CA306F00C4497E /* Info.plist */ = {isa = PBXFileReference; lastKnownFileType = text.plist.xml; path = Info.plist; sourceTree = "<group>"; };
		D648C05024F8CB1E00733F8B /* InfoStackView.swift */ = {isa = PBXFileReference; lastKnownFileType = sourcecode.swift; path = InfoStackView.swift; sourceTree = "<group>"; };
		D64EB41524E36EA800B608CF /* MovieDetailRecommendations.swift */ = {isa = PBXFileReference; lastKnownFileType = sourcecode.swift; path = MovieDetailRecommendations.swift; sourceTree = "<group>"; };
		D64EB41724E4E9AD00B608CF /* CreditDetailModal.swift */ = {isa = PBXFileReference; lastKnownFileType = sourcecode.swift; path = CreditDetailModal.swift; sourceTree = "<group>"; wrapsLines = 0; };
		D64FB55024CF391100C03A98 /* MovieCollectionView.swift */ = {isa = PBXFileReference; lastKnownFileType = sourcecode.swift; path = MovieCollectionView.swift; sourceTree = "<group>"; };
		D650B97B24CB855300DD1E61 /* Genre.swift */ = {isa = PBXFileReference; lastKnownFileType = sourcecode.swift; path = Genre.swift; sourceTree = "<group>"; };
		D650B97D24CB858100DD1E61 /* Movie.swift */ = {isa = PBXFileReference; lastKnownFileType = sourcecode.swift; path = Movie.swift; sourceTree = "<group>"; };
		D650B97F24CB878500DD1E61 /* Date+Additions.swift */ = {isa = PBXFileReference; lastKnownFileType = sourcecode.swift; path = "Date+Additions.swift"; sourceTree = "<group>"; };
		D650B98124CB948800DD1E61 /* Cast.swift */ = {isa = PBXFileReference; lastKnownFileType = sourcecode.swift; path = Cast.swift; sourceTree = "<group>"; };
		D650B98524CB99AF00DD1E61 /* Crew.swift */ = {isa = PBXFileReference; lastKnownFileType = sourcecode.swift; path = Crew.swift; sourceTree = "<group>"; };
		D650B98724CB9C5700DD1E61 /* ReusableCell.swift */ = {isa = PBXFileReference; lastKnownFileType = sourcecode.swift; path = ReusableCell.swift; sourceTree = "<group>"; };
		D650B98F24CBB63500DD1E61 /* MovieSection.swift */ = {isa = PBXFileReference; lastKnownFileType = sourcecode.swift; path = MovieSection.swift; sourceTree = "<group>"; };
		D654B9C224FB82EB005620FD /* UILabel+Additions.swift */ = {isa = PBXFileReference; lastKnownFileType = sourcecode.swift; path = "UILabel+Additions.swift"; sourceTree = "<group>"; };
		D65994B424D1E45F003C7DF9 /* placeholderPoster_dark.pdf */ = {isa = PBXFileReference; lastKnownFileType = image.pdf; path = placeholderPoster_dark.pdf; sourceTree = "<group>"; };
		D65994B524D1E45F003C7DF9 /* placeholderPoster.pdf */ = {isa = PBXFileReference; lastKnownFileType = image.pdf; path = placeholderPoster.pdf; sourceTree = "<group>"; };
		D65994B824D328FC003C7DF9 /* MovieDetailViewController.swift */ = {isa = PBXFileReference; lastKnownFileType = sourcecode.swift; path = MovieDetailViewController.swift; sourceTree = "<group>"; };
		D6689DBE24DA0F5B0061C45C /* UIImageView+Additions.swift */ = {isa = PBXFileReference; lastKnownFileType = sourcecode.swift; path = "UIImageView+Additions.swift"; sourceTree = "<group>"; };
		D6689DC024DA11F80061C45C /* placeholderBackdrop_dark.pdf */ = {isa = PBXFileReference; lastKnownFileType = image.pdf; path = placeholderBackdrop_dark.pdf; sourceTree = "<group>"; };
		D6689DC124DA11F90061C45C /* placeholderBackdrop.pdf */ = {isa = PBXFileReference; lastKnownFileType = image.pdf; path = placeholderBackdrop.pdf; sourceTree = "<group>"; };
		D6689DC424DB38CC0061C45C /* Int+Additions.swift */ = {isa = PBXFileReference; lastKnownFileType = sourcecode.swift; path = "Int+Additions.swift"; sourceTree = "<group>"; };
		D6689DC624DB4CAF0061C45C /* RegularCell.swift */ = {isa = PBXFileReference; lastKnownFileType = sourcecode.swift; path = RegularCell.swift; sourceTree = "<group>"; };
		D6689DC824DB52580061C45C /* UIImageColors.swift */ = {isa = PBXFileReference; lastKnownFileType = sourcecode.swift; path = UIImageColors.swift; sourceTree = "<group>"; };
		D669601424CA369000FF0758 /* MoviesViewController.swift */ = {isa = PBXFileReference; indentWidth = 4; lastKnownFileType = sourcecode.swift; path = MoviesViewController.swift; sourceTree = "<group>"; tabWidth = 4; usesTabs = 0; };
		D669601624CA36A000FF0758 /* ShowsViewController.swift */ = {isa = PBXFileReference; lastKnownFileType = sourcecode.swift; path = ShowsViewController.swift; sourceTree = "<group>"; };
		D679EF6B2508A648002196D6 /* Array+Additions.swift */ = {isa = PBXFileReference; lastKnownFileType = sourcecode.swift; path = "Array+Additions.swift"; sourceTree = "<group>"; };
		D67F8AFD252A95910045141F /* CreditsTableView.swift */ = {isa = PBXFileReference; lastKnownFileType = sourcecode.swift; path = CreditsTableView.swift; sourceTree = "<group>"; };
		D67F8B02252A9E480045141F /* CreditsTableViewCell.swift */ = {isa = PBXFileReference; lastKnownFileType = sourcecode.swift; path = CreditsTableViewCell.swift; sourceTree = "<group>"; };
		D697C99F253820050045EE96 /* Endpoint.swift */ = {isa = PBXFileReference; lastKnownFileType = sourcecode.swift; path = Endpoint.swift; sourceTree = "<group>"; };
		D697C9A82538253D0045EE96 /* ShowEndpoint.swift */ = {isa = PBXFileReference; lastKnownFileType = sourcecode.swift; path = ShowEndpoint.swift; sourceTree = "<group>"; };
		D697C9AD25382D0E0045EE96 /* NetworkManager.swift */ = {isa = PBXFileReference; lastKnownFileType = sourcecode.swift; path = NetworkManager.swift; sourceTree = "<group>"; };
		D697C9B225383C260045EE96 /* MovieEndpoint.swift */ = {isa = PBXFileReference; lastKnownFileType = sourcecode.swift; path = MovieEndpoint.swift; sourceTree = "<group>"; };
		D697C9B725383FB80045EE96 /* PersonEndpoint.swift */ = {isa = PBXFileReference; lastKnownFileType = sourcecode.swift; path = PersonEndpoint.swift; sourceTree = "<group>"; };
		D6A0548D24E30530009C87B2 /* String+Additions.swift */ = {isa = PBXFileReference; lastKnownFileType = sourcecode.swift; path = "String+Additions.swift"; sourceTree = "<group>"; };
		D6A0548F24E33BE0009C87B2 /* OverviewHeader.swift */ = {isa = PBXFileReference; fileEncoding = 4; lastKnownFileType = sourcecode.swift; path = OverviewHeader.swift; sourceTree = "<group>"; };
		D6A4DF3F2523E7D9008495AD /* SeasonDetail.swift */ = {isa = PBXFileReference; lastKnownFileType = sourcecode.swift; path = SeasonDetail.swift; sourceTree = "<group>"; };
		D6A4DF442523E80F008495AD /* Episode.swift */ = {isa = PBXFileReference; lastKnownFileType = sourcecode.swift; path = Episode.swift; sourceTree = "<group>"; };
		D6A4DF4C2523F1EF008495AD /* SeasonsViewCell.swift */ = {isa = PBXFileReference; lastKnownFileType = sourcecode.swift; path = SeasonsViewCell.swift; sourceTree = "<group>"; };
		D6A4DF612526409C008495AD /* SeasonsViewHeader.swift */ = {isa = PBXFileReference; lastKnownFileType = sourcecode.swift; path = SeasonsViewHeader.swift; sourceTree = "<group>"; };
		D6A4DF862527CEBA008495AD /* EpisodeView.swift */ = {isa = PBXFileReference; lastKnownFileType = sourcecode.swift; path = EpisodeView.swift; sourceTree = "<group>"; };
		D6A961D3252E36B40021D6CE /* RegularCell2.swift */ = {isa = PBXFileReference; lastKnownFileType = sourcecode.swift; path = RegularCell2.swift; sourceTree = "<group>"; };
		D6BA607C2502243500998093 /* Constants.swift */ = {isa = PBXFileReference; fileEncoding = 4; lastKnownFileType = sourcecode.swift; path = Constants.swift; sourceTree = "<group>"; };
		D6BA6086250224E100998093 /* Keys.plist */ = {isa = PBXFileReference; fileEncoding = 4; lastKnownFileType = text.plist.xml; path = Keys.plist; sourceTree = "<group>"; };
		D6C39B0324EB64000033C11B /* UICollectionView+Additions.swift */ = {isa = PBXFileReference; lastKnownFileType = sourcecode.swift; path = "UICollectionView+Additions.swift"; sourceTree = "<group>"; };
		D6C39B0524EBC7CC0033C11B /* MovieSectionCell.swift */ = {isa = PBXFileReference; lastKnownFileType = sourcecode.swift; path = MovieSectionCell.swift; sourceTree = "<group>"; };
		D6C39B0724EBC8770033C11B /* FeaturedCell.swift */ = {isa = PBXFileReference; lastKnownFileType = sourcecode.swift; path = FeaturedCell.swift; sourceTree = "<group>"; };
		D6C39B0924EBCC410033C11B /* CGFloat+Additions.swift */ = {isa = PBXFileReference; lastKnownFileType = sourcecode.swift; path = "CGFloat+Additions.swift"; sourceTree = "<group>"; };
		D6C39B0B24EBD1810033C11B /* MovieFeaturedCollectionView.swift */ = {isa = PBXFileReference; lastKnownFileType = sourcecode.swift; path = MovieFeaturedCollectionView.swift; sourceTree = "<group>"; };
		D6C39B0D24F43E820033C11B /* PersonDetail.swift */ = {isa = PBXFileReference; lastKnownFileType = sourcecode.swift; path = PersonDetail.swift; sourceTree = "<group>"; };
		D6C39B1324F4B5400033C11B /* Media.swift */ = {isa = PBXFileReference; lastKnownFileType = sourcecode.swift; path = Media.swift; sourceTree = "<group>"; };
		D6CB0EAA252ADEEE00F46C02 /* Theme.swift */ = {isa = PBXFileReference; lastKnownFileType = sourcecode.swift; path = Theme.swift; sourceTree = "<group>"; };
		D6CB0EC8252BB73000F46C02 /* search.pdf */ = {isa = PBXFileReference; lastKnownFileType = image.pdf; path = search.pdf; sourceTree = "<group>"; };
		D6D63BB8250589EA002C60FA /* ShowsCollectionView.swift */ = {isa = PBXFileReference; lastKnownFileType = sourcecode.swift; path = ShowsCollectionView.swift; sourceTree = "<group>"; };
		D6D63BBA25058B26002C60FA /* ShowsFeaturedCollectionView.swift */ = {isa = PBXFileReference; lastKnownFileType = sourcecode.swift; path = ShowsFeaturedCollectionView.swift; sourceTree = "<group>"; };
		D6D63BBC25058D63002C60FA /* Show.swift */ = {isa = PBXFileReference; fileEncoding = 4; lastKnownFileType = sourcecode.swift; path = Show.swift; sourceTree = "<group>"; };
		D6D63BBE25058D8C002C60FA /* ShowSection.swift */ = {isa = PBXFileReference; fileEncoding = 4; lastKnownFileType = sourcecode.swift; path = ShowSection.swift; sourceTree = "<group>"; };
		D6D63BC025058DAB002C60FA /* ShowSectionCell.swift */ = {isa = PBXFileReference; fileEncoding = 4; lastKnownFileType = sourcecode.swift; path = ShowSectionCell.swift; sourceTree = "<group>"; };
		D6D63BC225058E20002C60FA /* ShowDetailViewController.swift */ = {isa = PBXFileReference; lastKnownFileType = sourcecode.swift; path = ShowDetailViewController.swift; sourceTree = "<group>"; };
		D6D63BC425058EF8002C60FA /* ShowDetail.swift */ = {isa = PBXFileReference; lastKnownFileType = sourcecode.swift; path = ShowDetail.swift; sourceTree = "<group>"; };
		D6E3686524CA737A00863736 /* UIImage+Additions.swift */ = {isa = PBXFileReference; lastKnownFileType = sourcecode.swift; path = "UIImage+Additions.swift"; sourceTree = "<group>"; };
		D6EE659E24CAAE9C0033C9F2 /* shows.pdf */ = {isa = PBXFileReference; lastKnownFileType = image.pdf; path = shows.pdf; sourceTree = "<group>"; };
		D6EE659F24CAAE9C0033C9F2 /* movies.pdf */ = {isa = PBXFileReference; lastKnownFileType = image.pdf; path = movies.pdf; sourceTree = "<group>"; };
		D6EED055250CA7060029CC87 /* CreatorsCollectionView.swift */ = {isa = PBXFileReference; lastKnownFileType = sourcecode.swift; path = CreatorsCollectionView.swift; sourceTree = "<group>"; };
		D6EED057250CA88E0029CC87 /* CreatorsCollectionViewCell.swift */ = {isa = PBXFileReference; lastKnownFileType = sourcecode.swift; path = CreatorsCollectionViewCell.swift; sourceTree = "<group>"; };
		D6EEF10A2502187D00BBC44A /* FetchTypes.swift */ = {isa = PBXFileReference; fileEncoding = 4; lastKnownFileType = sourcecode.swift; name = FetchTypes.swift; path = "Swift Watch/Models/FetchTypes.swift"; sourceTree = SOURCE_ROOT; };
		D6EF10282518589400F035A7 /* HorizontalCollectionView.swift */ = {isa = PBXFileReference; lastKnownFileType = sourcecode.swift; path = HorizontalCollectionView.swift; sourceTree = "<group>"; };
		D6EF10332518ABB400F035A7 /* CVTCell.swift */ = {isa = PBXFileReference; lastKnownFileType = sourcecode.swift; path = CVTCell.swift; sourceTree = "<group>"; };
		D6F1053F250EEC1C0080D1F6 /* ShowDetailRecommendations.swift */ = {isa = PBXFileReference; lastKnownFileType = sourcecode.swift; path = ShowDetailRecommendations.swift; sourceTree = "<group>"; };
		D6F214372519509D00241F56 /* CollectionViewHeader.swift */ = {isa = PBXFileReference; lastKnownFileType = sourcecode.swift; path = CollectionViewHeader.swift; sourceTree = "<group>"; };
		D6F545CE24FD5C0F00700677 /* CreditDetailNotableWorks.swift */ = {isa = PBXFileReference; lastKnownFileType = sourcecode.swift; path = CreditDetailNotableWorks.swift; sourceTree = "<group>"; };
		D78C273B4AA746082365FFBE /* Pods-Swift Watch-Swift WatchUITests.release.xcconfig */ = {isa = PBXFileReference; includeInIndex = 1; lastKnownFileType = text.xcconfig; name = "Pods-Swift Watch-Swift WatchUITests.release.xcconfig"; path = "Target Support Files/Pods-Swift Watch-Swift WatchUITests/Pods-Swift Watch-Swift WatchUITests.release.xcconfig"; sourceTree = "<group>"; };
		E4F5CFDD9E59CDE943331114 /* Pods-Swift WatchTests.release.xcconfig */ = {isa = PBXFileReference; includeInIndex = 1; lastKnownFileType = text.xcconfig; name = "Pods-Swift WatchTests.release.xcconfig"; path = "Target Support Files/Pods-Swift WatchTests/Pods-Swift WatchTests.release.xcconfig"; sourceTree = "<group>"; };
		ED1BAA7AF028A06302D085DE /* Pods-Swift Watch.debug.xcconfig */ = {isa = PBXFileReference; includeInIndex = 1; lastKnownFileType = text.xcconfig; name = "Pods-Swift Watch.debug.xcconfig"; path = "Target Support Files/Pods-Swift Watch/Pods-Swift Watch.debug.xcconfig"; sourceTree = "<group>"; };
/* End PBXFileReference section */

/* Begin PBXFrameworksBuildPhase section */
		D6464FBF24CA306E00C4497E /* Frameworks */ = {
			isa = PBXFrameworksBuildPhase;
			buildActionMask = 2147483647;
			files = (
				B7A12A30490BD49537596659 /* Pods_Swift_Watch.framework in Frameworks */,
			);
			runOnlyForDeploymentPostprocessing = 0;
		};
		D6464FD524CA306F00C4497E /* Frameworks */ = {
			isa = PBXFrameworksBuildPhase;
			buildActionMask = 2147483647;
			files = (
				14AB6C111AC62D9E5D20FDC1 /* Pods_Swift_WatchTests.framework in Frameworks */,
			);
			runOnlyForDeploymentPostprocessing = 0;
		};
		D6464FE024CA306F00C4497E /* Frameworks */ = {
			isa = PBXFrameworksBuildPhase;
			buildActionMask = 2147483647;
			files = (
				700C8988CF22B74F58B5C504 /* Pods_Swift_Watch_Swift_WatchUITests.framework in Frameworks */,
			);
			runOnlyForDeploymentPostprocessing = 0;
		};
/* End PBXFrameworksBuildPhase section */

/* Begin PBXGroup section */
		4702BC2BE48CD02C69E9F4BB /* Pods */ = {
			isa = PBXGroup;
			children = (
				ED1BAA7AF028A06302D085DE /* Pods-Swift Watch.debug.xcconfig */,
				186D49410E30686A1FC0AAFA /* Pods-Swift Watch.release.xcconfig */,
				A3EF17058EB55B20963E4D33 /* Pods-Swift Watch-Swift WatchUITests.debug.xcconfig */,
				D78C273B4AA746082365FFBE /* Pods-Swift Watch-Swift WatchUITests.release.xcconfig */,
				32A345F94D379E9B222147F8 /* Pods-Swift WatchTests.debug.xcconfig */,
				E4F5CFDD9E59CDE943331114 /* Pods-Swift WatchTests.release.xcconfig */,
			);
			path = Pods;
			sourceTree = "<group>";
		};
		910435966DBE00D2D67516A8 /* Frameworks */ = {
			isa = PBXGroup;
			children = (
				28728A972C987AEBD1734497 /* Pods_Swift_Watch.framework */,
				1C015570C72D1A952B9526EF /* Pods_Swift_Watch_Swift_WatchUITests.framework */,
				3AAC578009122B38568CDC0F /* Pods_Swift_WatchTests.framework */,
			);
			name = Frameworks;
			sourceTree = "<group>";
		};
		D602358924DB586E00DFDB02 /* Credits */ = {
			isa = PBXGroup;
			children = (
				D6040F3524DDFB920020815B /* CastCollectionView.swift */,
				D64EB41724E4E9AD00B608CF /* CreditDetailModal.swift */,
				D6F545CE24FD5C0F00700677 /* CreditDetailNotableWorks.swift */,
				D67F8AFD252A95910045141F /* CreditsTableView.swift */,
				D67F8B02252A9E480045141F /* CreditsTableViewCell.swift */,
				D6EED055250CA7060029CC87 /* CreatorsCollectionView.swift */,
				D6EED057250CA88E0029CC87 /* CreatorsCollectionViewCell.swift */,
			);
			path = Credits;
			sourceTree = "<group>";
		};
		D63CE69625381DA7003A3A09 /* Cells */ = {
			isa = PBXGroup;
			children = (
				D6EF10332518ABB400F035A7 /* CVTCell.swift */,
				D650B98724CB9C5700DD1E61 /* ReusableCell.swift */,
				D6689DC624DB4CAF0061C45C /* RegularCell.swift */,
				D6A961D3252E36B40021D6CE /* RegularCell2.swift */,
				D6C39B0724EBC8770033C11B /* FeaturedCell.swift */,
			);
			path = Cells;
			sourceTree = "<group>";
		};
		D63CE69725381DB7003A3A09 /* CollectionViews */ = {
			isa = PBXGroup;
			children = (
				D6F214372519509D00241F56 /* CollectionViewHeader.swift */,
				D6EF10282518589400F035A7 /* HorizontalCollectionView.swift */,
			);
			path = CollectionViews;
			sourceTree = "<group>";
		};
		D6464FB924CA306E00C4497E = {
			isa = PBXGroup;
			children = (
				D62B45102519D87700FF31DA /* README.md */,
				D6464FC424CA306E00C4497E /* Swift Watch */,
				D6464FDB24CA306F00C4497E /* Swift WatchTests */,
				D6464FE624CA306F00C4497E /* Swift WatchUITests */,
				D6464FC324CA306E00C4497E /* Products */,
				4702BC2BE48CD02C69E9F4BB /* Pods */,
				910435966DBE00D2D67516A8 /* Frameworks */,
			);
			sourceTree = "<group>";
		};
		D6464FC324CA306E00C4497E /* Products */ = {
			isa = PBXGroup;
			children = (
				D6464FC224CA306E00C4497E /* Swift Watch.app */,
				D6464FD824CA306F00C4497E /* Swift WatchTests.xctest */,
				D6464FE324CA306F00C4497E /* Swift WatchUITests.xctest */,
			);
			name = Products;
			sourceTree = "<group>";
		};
		D6464FC424CA306E00C4497E /* Swift Watch */ = {
			isa = PBXGroup;
			children = (
				D669600B24CA331B00FF0758 /* Models */,
				D669600E24CA345D00FF0758 /* Application */,
				D6464FCE24CA306F00C4497E /* Assets.xcassets */,
				D6464FD024CA306F00C4497E /* LaunchScreen.storyboard */,
				D6464FD324CA306F00C4497E /* Info.plist */,
				D6BA6086250224E100998093 /* Keys.plist */,
				D669601124CA351000FF0758 /* Common */,
				D669601024CA34CE00FF0758 /* Assets */,
			);
			path = "Swift Watch";
			sourceTree = "<group>";
		};
		D6464FDB24CA306F00C4497E /* Swift WatchTests */ = {
			isa = PBXGroup;
			children = (
				D6464FDC24CA306F00C4497E /* Swift_WatchTests.swift */,
				D6464FDE24CA306F00C4497E /* Info.plist */,
			);
			path = "Swift WatchTests";
			sourceTree = "<group>";
		};
		D6464FE624CA306F00C4497E /* Swift WatchUITests */ = {
			isa = PBXGroup;
			children = (
				D6464FE724CA306F00C4497E /* Swift_WatchUITests.swift */,
				D6464FE924CA306F00C4497E /* Info.plist */,
			);
			path = "Swift WatchUITests";
			sourceTree = "<group>";
		};
		D669600B24CA331B00FF0758 /* Models */ = {
			isa = PBXGroup;
			children = (
				D697C99E25381FE70045EE96 /* Network */,
				D6BA60812502249600998093 /* Show */,
				D6AB1ECA25020A5A005AC296 /* Movie */,
				D6AB1ECB25020A73005AC296 /* Person */,
				D650B97B24CB855300DD1E61 /* Genre.swift */,
				D62B4517251D072B00FF31DA /* Cache.swift */,
				D6CB0EAA252ADEEE00F46C02 /* Theme.swift */,
				D6BA607C2502243500998093 /* Constants.swift */,
				D6EEF10A2502187D00BBC44A /* FetchTypes.swift */,
			);
			path = Models;
			sourceTree = "<group>";
		};
		D669600E24CA345D00FF0758 /* Application */ = {
			isa = PBXGroup;
			children = (
				D669600F24CA348700FF0758 /* Main */,
				D669601224CA364100FF0758 /* Movies */,
				D669601324CA364800FF0758 /* Shows */,
				D602358924DB586E00DFDB02 /* Credits */,
			);
			path = Application;
			sourceTree = "<group>";
		};
		D669600F24CA348700FF0758 /* Main */ = {
			isa = PBXGroup;
			children = (
				D6464FC524CA306E00C4497E /* AppDelegate.swift */,
				D6464FC724CA306E00C4497E /* SceneDelegate.swift */,
				D6464FC924CA306E00C4497E /* TabBarController.swift */,
			);
			path = Main;
			sourceTree = "<group>";
		};
		D669601024CA34CE00FF0758 /* Assets */ = {
			isa = PBXGroup;
			children = (
				D65994B524D1E45F003C7DF9 /* placeholderPoster.pdf */,
				D6689DC024DA11F80061C45C /* placeholderBackdrop_dark.pdf */,
				D6689DC124DA11F90061C45C /* placeholderBackdrop.pdf */,
				D6CB0EC8252BB73000F46C02 /* search.pdf */,
				D65994B424D1E45F003C7DF9 /* placeholderPoster_dark.pdf */,
				D6EE659F24CAAE9C0033C9F2 /* movies.pdf */,
				D6EE659E24CAAE9C0033C9F2 /* shows.pdf */,
			);
			path = Assets;
			sourceTree = "<group>";
		};
		D669601124CA351000FF0758 /* Common */ = {
			isa = PBXGroup;
			children = (
				D6E3686424CA734D00863736 /* Extensions */,
				D669601824CA485000FF0758 /* Views */,
			);
			path = Common;
			sourceTree = "<group>";
		};
		D669601224CA364100FF0758 /* Movies */ = {
			isa = PBXGroup;
			children = (
				D669601424CA369000FF0758 /* MoviesViewController.swift */,
				D64FB55024CF391100C03A98 /* MovieCollectionView.swift */,
				D6C39B0B24EBD1810033C11B /* MovieFeaturedCollectionView.swift */,
				D65994B824D328FC003C7DF9 /* MovieDetailViewController.swift */,
				D64EB41524E36EA800B608CF /* MovieDetailRecommendations.swift */,
			);
			path = Movies;
			sourceTree = "<group>";
		};
		D669601324CA364800FF0758 /* Shows */ = {
			isa = PBXGroup;
			children = (
				D669601624CA36A000FF0758 /* ShowsViewController.swift */,
				D6D63BB8250589EA002C60FA /* ShowsCollectionView.swift */,
				D6D63BBA25058B26002C60FA /* ShowsFeaturedCollectionView.swift */,
				D6D63BC225058E20002C60FA /* ShowDetailViewController.swift */,
				D619A78525149E2F002639B2 /* ShowDetailSeasons.swift */,
				D6F1053F250EEC1C0080D1F6 /* ShowDetailRecommendations.swift */,
				D6391E0A251E8D0C00F8C01A /* SeasonsView.swift */,
				D6A4DF612526409C008495AD /* SeasonsViewHeader.swift */,
				D6A4DF4C2523F1EF008495AD /* SeasonsViewCell.swift */,
				D6A4DF862527CEBA008495AD /* EpisodeView.swift */,
			);
			path = Shows;
			sourceTree = "<group>";
		};
		D669601824CA485000FF0758 /* Views */ = {
			isa = PBXGroup;
			children = (
				D63CE69625381DA7003A3A09 /* Cells */,
				D67391DF25381F3000B1C796 /* ImageViews */,
				D63CE69725381DB7003A3A09 /* CollectionViews */,
				D648C05024F8CB1E00733F8B /* InfoStackView.swift */,
				D6A0548F24E33BE0009C87B2 /* OverviewHeader.swift */,
				D60921B624CB514A001339EE /* FloatingTabBarView.swift */,
			);
			path = Views;
			sourceTree = "<group>";
		};
		D67391DF25381F3000B1C796 /* ImageViews */ = {
			isa = PBXGroup;
			children = (
				D6040F3124DCB02F0020815B /* Backdrop.swift */,
				D64241A424F6C1E700D1372D /* Poster.swift */,
			);
			path = ImageViews;
			sourceTree = "<group>";
		};
		D697C99E25381FE70045EE96 /* Network */ = {
			isa = PBXGroup;
			children = (
				D697C99F253820050045EE96 /* Endpoint.swift */,
				D697C9AD25382D0E0045EE96 /* NetworkManager.swift */,
			);
			path = Network;
			sourceTree = "<group>";
		};
		D6AB1ECA25020A5A005AC296 /* Movie */ = {
			isa = PBXGroup;
			children = (
				D650B97D24CB858100DD1E61 /* Movie.swift */,
				D636CC5424CFB6C000361614 /* MovieDetail.swift */,
				D650B98F24CBB63500DD1E61 /* MovieSection.swift */,
				D6C39B0524EBC7CC0033C11B /* MovieSectionCell.swift */,
				D697C9B225383C260045EE96 /* MovieEndpoint.swift */,
			);
			path = Movie;
			sourceTree = "<group>";
		};
		D6AB1ECB25020A73005AC296 /* Person */ = {
			isa = PBXGroup;
			children = (
				D650B98124CB948800DD1E61 /* Cast.swift */,
				D650B98524CB99AF00DD1E61 /* Crew.swift */,
				D6C39B1324F4B5400033C11B /* Media.swift */,
				D602358724DB55F200DFDB02 /* Credits.swift */,
				D6C39B0D24F43E820033C11B /* PersonDetail.swift */,
				D697C9B725383FB80045EE96 /* PersonEndpoint.swift */,
			);
			path = Person;
			sourceTree = "<group>";
		};
		D6BA60812502249600998093 /* Show */ = {
			isa = PBXGroup;
			children = (
				D6A4DF442523E80F008495AD /* Episode.swift */,
				D619A783251496E6002639B2 /* Season.swift */,
				D6A4DF3F2523E7D9008495AD /* SeasonDetail.swift */,
				D6D63BBC25058D63002C60FA /* Show.swift */,
				D6D63BC425058EF8002C60FA /* ShowDetail.swift */,
				D6D63BBE25058D8C002C60FA /* ShowSection.swift */,
				D6D63BC025058DAB002C60FA /* ShowSectionCell.swift */,
				D697C9A82538253D0045EE96 /* ShowEndpoint.swift */,
			);
			path = Show;
			sourceTree = "<group>";
		};
		D6E3686424CA734D00863736 /* Extensions */ = {
			isa = PBXGroup;
			children = (
				D611F76224CA753700B3FE6A /* UIView+Additions.swift */,
				D654B9C224FB82EB005620FD /* UILabel+Additions.swift */,
				D6E3686524CA737A00863736 /* UIImage+Additions.swift */,
				D6689DBE24DA0F5B0061C45C /* UIImageView+Additions.swift */,
				D6C39B0324EB64000033C11B /* UICollectionView+Additions.swift */,
				D6689DC424DB38CC0061C45C /* Int+Additions.swift */,
				D6689DC824DB52580061C45C /* UIImageColors.swift */,
				D650B97F24CB878500DD1E61 /* Date+Additions.swift */,
				D679EF6B2508A648002196D6 /* Array+Additions.swift */,
				D6A0548D24E30530009C87B2 /* String+Additions.swift */,
				D6C39B0924EBCC410033C11B /* CGFloat+Additions.swift */,
			);
			path = Extensions;
			sourceTree = "<group>";
		};
/* End PBXGroup section */

/* Begin PBXNativeTarget section */
		D6464FC124CA306E00C4497E /* Swift Watch */ = {
			isa = PBXNativeTarget;
			buildConfigurationList = D6464FEC24CA306F00C4497E /* Build configuration list for PBXNativeTarget "Swift Watch" */;
			buildPhases = (
				D66FBEEF496DE1B1C3C7C917 /* [CP] Check Pods Manifest.lock */,
				D6464FBE24CA306E00C4497E /* Sources */,
				D6464FBF24CA306E00C4497E /* Frameworks */,
				D6464FC024CA306E00C4497E /* Resources */,
				3F9A13AFA97CC127D71AC6ED /* [CP] Embed Pods Frameworks */,
			);
			buildRules = (
			);
			dependencies = (
			);
			name = "Swift Watch";
			productName = "Swift Watch";
			productReference = D6464FC224CA306E00C4497E /* Swift Watch.app */;
			productType = "com.apple.product-type.application";
		};
		D6464FD724CA306F00C4497E /* Swift WatchTests */ = {
			isa = PBXNativeTarget;
			buildConfigurationList = D6464FEF24CA306F00C4497E /* Build configuration list for PBXNativeTarget "Swift WatchTests" */;
			buildPhases = (
				A308E0CC75AB2ADC1BDE2685 /* [CP] Check Pods Manifest.lock */,
				D6464FD424CA306F00C4497E /* Sources */,
				D6464FD524CA306F00C4497E /* Frameworks */,
				D6464FD624CA306F00C4497E /* Resources */,
			);
			buildRules = (
			);
			dependencies = (
				D6464FDA24CA306F00C4497E /* PBXTargetDependency */,
			);
			name = "Swift WatchTests";
			productName = "Swift WatchTests";
			productReference = D6464FD824CA306F00C4497E /* Swift WatchTests.xctest */;
			productType = "com.apple.product-type.bundle.unit-test";
		};
		D6464FE224CA306F00C4497E /* Swift WatchUITests */ = {
			isa = PBXNativeTarget;
			buildConfigurationList = D6464FF224CA306F00C4497E /* Build configuration list for PBXNativeTarget "Swift WatchUITests" */;
			buildPhases = (
				8F5B248F5DC83316B3A6482D /* [CP] Check Pods Manifest.lock */,
				D6464FDF24CA306F00C4497E /* Sources */,
				D6464FE024CA306F00C4497E /* Frameworks */,
				D6464FE124CA306F00C4497E /* Resources */,
				EB2F016F8F56F72225EBABD0 /* [CP] Embed Pods Frameworks */,
			);
			buildRules = (
			);
			dependencies = (
				D6464FE524CA306F00C4497E /* PBXTargetDependency */,
			);
			name = "Swift WatchUITests";
			productName = "Swift WatchUITests";
			productReference = D6464FE324CA306F00C4497E /* Swift WatchUITests.xctest */;
			productType = "com.apple.product-type.bundle.ui-testing";
		};
/* End PBXNativeTarget section */

/* Begin PBXProject section */
		D6464FBA24CA306E00C4497E /* Project object */ = {
			isa = PBXProject;
			attributes = {
				LastSwiftUpdateCheck = 1160;
				LastUpgradeCheck = 1200;
				ORGANIZATIONNAME = "Victor Ragojos";
				TargetAttributes = {
					D6464FC124CA306E00C4497E = {
						CreatedOnToolsVersion = 11.6;
					};
					D6464FD724CA306F00C4497E = {
						CreatedOnToolsVersion = 11.6;
						TestTargetID = D6464FC124CA306E00C4497E;
					};
					D6464FE224CA306F00C4497E = {
						CreatedOnToolsVersion = 11.6;
						TestTargetID = D6464FC124CA306E00C4497E;
					};
				};
			};
			buildConfigurationList = D6464FBD24CA306E00C4497E /* Build configuration list for PBXProject "Swift Watch" */;
			compatibilityVersion = "Xcode 9.3";
			developmentRegion = en;
			hasScannedForEncodings = 0;
			knownRegions = (
				en,
				Base,
			);
			mainGroup = D6464FB924CA306E00C4497E;
			productRefGroup = D6464FC324CA306E00C4497E /* Products */;
			projectDirPath = "";
			projectRoot = "";
			targets = (
				D6464FC124CA306E00C4497E /* Swift Watch */,
				D6464FD724CA306F00C4497E /* Swift WatchTests */,
				D6464FE224CA306F00C4497E /* Swift WatchUITests */,
			);
		};
/* End PBXProject section */

/* Begin PBXResourcesBuildPhase section */
		D6464FC024CA306E00C4497E /* Resources */ = {
			isa = PBXResourcesBuildPhase;
			buildActionMask = 2147483647;
			files = (
				D6CB0EC9252BB73000F46C02 /* search.pdf in Resources */,
				D6464FD224CA306F00C4497E /* LaunchScreen.storyboard in Resources */,
				D6EE65A124CAAE9C0033C9F2 /* movies.pdf in Resources */,
				D6689DC324DA11F90061C45C /* placeholderBackdrop.pdf in Resources */,
				D6EE65A024CAAE9C0033C9F2 /* shows.pdf in Resources */,
				D6464FCF24CA306F00C4497E /* Assets.xcassets in Resources */,
				D65994B724D1E45F003C7DF9 /* placeholderPoster.pdf in Resources */,
				D6BA6087250224E100998093 /* Keys.plist in Resources */,
				D6689DC224DA11F90061C45C /* placeholderBackdrop_dark.pdf in Resources */,
				D65994B624D1E45F003C7DF9 /* placeholderPoster_dark.pdf in Resources */,
			);
			runOnlyForDeploymentPostprocessing = 0;
		};
		D6464FD624CA306F00C4497E /* Resources */ = {
			isa = PBXResourcesBuildPhase;
			buildActionMask = 2147483647;
			files = (
			);
			runOnlyForDeploymentPostprocessing = 0;
		};
		D6464FE124CA306F00C4497E /* Resources */ = {
			isa = PBXResourcesBuildPhase;
			buildActionMask = 2147483647;
			files = (
			);
			runOnlyForDeploymentPostprocessing = 0;
		};
/* End PBXResourcesBuildPhase section */

/* Begin PBXShellScriptBuildPhase section */
		3F9A13AFA97CC127D71AC6ED /* [CP] Embed Pods Frameworks */ = {
			isa = PBXShellScriptBuildPhase;
			buildActionMask = 2147483647;
			files = (
			);
			inputFileListPaths = (
				"${PODS_ROOT}/Target Support Files/Pods-Swift Watch/Pods-Swift Watch-frameworks-${CONFIGURATION}-input-files.xcfilelist",
			);
			name = "[CP] Embed Pods Frameworks";
			outputFileListPaths = (
				"${PODS_ROOT}/Target Support Files/Pods-Swift Watch/Pods-Swift Watch-frameworks-${CONFIGURATION}-output-files.xcfilelist",
			);
			runOnlyForDeploymentPostprocessing = 0;
			shellPath = /bin/sh;
			shellScript = "\"${PODS_ROOT}/Target Support Files/Pods-Swift Watch/Pods-Swift Watch-frameworks.sh\"\n";
			showEnvVarsInLog = 0;
		};
		8F5B248F5DC83316B3A6482D /* [CP] Check Pods Manifest.lock */ = {
			isa = PBXShellScriptBuildPhase;
			buildActionMask = 2147483647;
			files = (
			);
			inputFileListPaths = (
			);
			inputPaths = (
				"${PODS_PODFILE_DIR_PATH}/Podfile.lock",
				"${PODS_ROOT}/Manifest.lock",
			);
			name = "[CP] Check Pods Manifest.lock";
			outputFileListPaths = (
			);
			outputPaths = (
				"$(DERIVED_FILE_DIR)/Pods-Swift Watch-Swift WatchUITests-checkManifestLockResult.txt",
			);
			runOnlyForDeploymentPostprocessing = 0;
			shellPath = /bin/sh;
			shellScript = "diff \"${PODS_PODFILE_DIR_PATH}/Podfile.lock\" \"${PODS_ROOT}/Manifest.lock\" > /dev/null\nif [ $? != 0 ] ; then\n    # print error to STDERR\n    echo \"error: The sandbox is not in sync with the Podfile.lock. Run 'pod install' or update your CocoaPods installation.\" >&2\n    exit 1\nfi\n# This output is used by Xcode 'outputs' to avoid re-running this script phase.\necho \"SUCCESS\" > \"${SCRIPT_OUTPUT_FILE_0}\"\n";
			showEnvVarsInLog = 0;
		};
		A308E0CC75AB2ADC1BDE2685 /* [CP] Check Pods Manifest.lock */ = {
			isa = PBXShellScriptBuildPhase;
			buildActionMask = 2147483647;
			files = (
			);
			inputFileListPaths = (
			);
			inputPaths = (
				"${PODS_PODFILE_DIR_PATH}/Podfile.lock",
				"${PODS_ROOT}/Manifest.lock",
			);
			name = "[CP] Check Pods Manifest.lock";
			outputFileListPaths = (
			);
			outputPaths = (
				"$(DERIVED_FILE_DIR)/Pods-Swift WatchTests-checkManifestLockResult.txt",
			);
			runOnlyForDeploymentPostprocessing = 0;
			shellPath = /bin/sh;
			shellScript = "diff \"${PODS_PODFILE_DIR_PATH}/Podfile.lock\" \"${PODS_ROOT}/Manifest.lock\" > /dev/null\nif [ $? != 0 ] ; then\n    # print error to STDERR\n    echo \"error: The sandbox is not in sync with the Podfile.lock. Run 'pod install' or update your CocoaPods installation.\" >&2\n    exit 1\nfi\n# This output is used by Xcode 'outputs' to avoid re-running this script phase.\necho \"SUCCESS\" > \"${SCRIPT_OUTPUT_FILE_0}\"\n";
			showEnvVarsInLog = 0;
		};
		D66FBEEF496DE1B1C3C7C917 /* [CP] Check Pods Manifest.lock */ = {
			isa = PBXShellScriptBuildPhase;
			buildActionMask = 2147483647;
			files = (
			);
			inputFileListPaths = (
			);
			inputPaths = (
				"${PODS_PODFILE_DIR_PATH}/Podfile.lock",
				"${PODS_ROOT}/Manifest.lock",
			);
			name = "[CP] Check Pods Manifest.lock";
			outputFileListPaths = (
			);
			outputPaths = (
				"$(DERIVED_FILE_DIR)/Pods-Swift Watch-checkManifestLockResult.txt",
			);
			runOnlyForDeploymentPostprocessing = 0;
			shellPath = /bin/sh;
			shellScript = "diff \"${PODS_PODFILE_DIR_PATH}/Podfile.lock\" \"${PODS_ROOT}/Manifest.lock\" > /dev/null\nif [ $? != 0 ] ; then\n    # print error to STDERR\n    echo \"error: The sandbox is not in sync with the Podfile.lock. Run 'pod install' or update your CocoaPods installation.\" >&2\n    exit 1\nfi\n# This output is used by Xcode 'outputs' to avoid re-running this script phase.\necho \"SUCCESS\" > \"${SCRIPT_OUTPUT_FILE_0}\"\n";
			showEnvVarsInLog = 0;
		};
		EB2F016F8F56F72225EBABD0 /* [CP] Embed Pods Frameworks */ = {
			isa = PBXShellScriptBuildPhase;
			buildActionMask = 2147483647;
			files = (
			);
			inputFileListPaths = (
				"${PODS_ROOT}/Target Support Files/Pods-Swift Watch-Swift WatchUITests/Pods-Swift Watch-Swift WatchUITests-frameworks-${CONFIGURATION}-input-files.xcfilelist",
			);
			name = "[CP] Embed Pods Frameworks";
			outputFileListPaths = (
				"${PODS_ROOT}/Target Support Files/Pods-Swift Watch-Swift WatchUITests/Pods-Swift Watch-Swift WatchUITests-frameworks-${CONFIGURATION}-output-files.xcfilelist",
			);
			runOnlyForDeploymentPostprocessing = 0;
			shellPath = /bin/sh;
			shellScript = "\"${PODS_ROOT}/Target Support Files/Pods-Swift Watch-Swift WatchUITests/Pods-Swift Watch-Swift WatchUITests-frameworks.sh\"\n";
			showEnvVarsInLog = 0;
		};
/* End PBXShellScriptBuildPhase section */

/* Begin PBXSourcesBuildPhase section */
		D6464FBE24CA306E00C4497E /* Sources */ = {
			isa = PBXSourcesBuildPhase;
			buildActionMask = 2147483647;
			files = (
				D6EED056250CA7060029CC87 /* CreatorsCollectionView.swift in Sources */,
				D648C05124F8CB1E00733F8B /* InfoStackView.swift in Sources */,
				D6CB0EAB252ADEEE00F46C02 /* Theme.swift in Sources */,
				D6D63BBD25058D63002C60FA /* Show.swift in Sources */,
				D67F8AFE252A95910045141F /* CreditsTableView.swift in Sources */,
				D6C39B1424F4B5400033C11B /* Media.swift in Sources */,
				D6689DC924DB52580061C45C /* UIImageColors.swift in Sources */,
				D6D63BBB25058B26002C60FA /* ShowsFeaturedCollectionView.swift in Sources */,
				D60921B724CB514A001339EE /* FloatingTabBarView.swift in Sources */,
				D6A4DF872527CEBA008495AD /* EpisodeView.swift in Sources */,
				D6A4DF622526409C008495AD /* SeasonsViewHeader.swift in Sources */,
				D64241A524F6C1E700D1372D /* Poster.swift in Sources */,
				D650B98824CB9C5700DD1E61 /* ReusableCell.swift in Sources */,
				D6464FCA24CA306E00C4497E /* TabBarController.swift in Sources */,
				D697C9A0253820050045EE96 /* Endpoint.swift in Sources */,
				D6689DC724DB4CAF0061C45C /* RegularCell.swift in Sources */,
				D6C39B0E24F43E820033C11B /* PersonDetail.swift in Sources */,
				D6689DBF24DA0F5B0061C45C /* UIImageView+Additions.swift in Sources */,
				D6F214382519509D00241F56 /* CollectionViewHeader.swift in Sources */,
				D6D63BBF25058D8C002C60FA /* ShowSection.swift in Sources */,
				D602358824DB55F200DFDB02 /* Credits.swift in Sources */,
				D650B98024CB878500DD1E61 /* Date+Additions.swift in Sources */,
				D6EF10292518589400F035A7 /* HorizontalCollectionView.swift in Sources */,
				D6C39B0824EBC8770033C11B /* FeaturedCell.swift in Sources */,
				D6EEF10B2502187D00BBC44A /* FetchTypes.swift in Sources */,
				D697C9B825383FB80045EE96 /* PersonEndpoint.swift in Sources */,
				D650B98224CB948800DD1E61 /* Cast.swift in Sources */,
				D669601724CA36A000FF0758 /* ShowsViewController.swift in Sources */,
				D6A4DF4D2523F1EF008495AD /* SeasonsViewCell.swift in Sources */,
				D636CC5524CFB6C000361614 /* MovieDetail.swift in Sources */,
				D6D63BC125058DAB002C60FA /* ShowSectionCell.swift in Sources */,
				D6D63BC325058E20002C60FA /* ShowDetailViewController.swift in Sources */,
				D6A4DF402523E7D9008495AD /* SeasonDetail.swift in Sources */,
				D6464FC624CA306E00C4497E /* AppDelegate.swift in Sources */,
				D619A784251496E6002639B2 /* Season.swift in Sources */,
				D6A961D4252E36B40021D6CE /* RegularCell2.swift in Sources */,
				D611F76324CA753700B3FE6A /* UIView+Additions.swift in Sources */,
				D697C9AE25382D0E0045EE96 /* NetworkManager.swift in Sources */,
				D62B4518251D072B00FF31DA /* Cache.swift in Sources */,
				D6F545CF24FD5C0F00700677 /* CreditDetailNotableWorks.swift in Sources */,
				D6040F3624DDFB920020815B /* CastCollectionView.swift in Sources */,
				D6F10540250EEC1C0080D1F6 /* ShowDetailRecommendations.swift in Sources */,
				D6BA607D2502243500998093 /* Constants.swift in Sources */,
				D6391E0B251E8D0C00F8C01A /* SeasonsView.swift in Sources */,
				D6EF10342518ABB400F035A7 /* CVTCell.swift in Sources */,
				D650B99024CBB63500DD1E61 /* MovieSection.swift in Sources */,
				D6D63BC525058EF8002C60FA /* ShowDetail.swift in Sources */,
				D6464FC824CA306E00C4497E /* SceneDelegate.swift in Sources */,
				D6C39B0A24EBCC410033C11B /* CGFloat+Additions.swift in Sources */,
				D697C9A92538253D0045EE96 /* ShowEndpoint.swift in Sources */,
				D6EED058250CA88E0029CC87 /* CreatorsCollectionViewCell.swift in Sources */,
				D6C39B0C24EBD1810033C11B /* MovieFeaturedCollectionView.swift in Sources */,
				D6689DC524DB38CC0061C45C /* Int+Additions.swift in Sources */,
				D6040F3224DCB02F0020815B /* Backdrop.swift in Sources */,
				D64FB55124CF391100C03A98 /* MovieCollectionView.swift in Sources */,
				D67F8B03252A9E480045141F /* CreditsTableViewCell.swift in Sources */,
				D6D63BB9250589EA002C60FA /* ShowsCollectionView.swift in Sources */,
				D679EF6C2508A648002196D6 /* Array+Additions.swift in Sources */,
				D6A4DF452523E80F008495AD /* Episode.swift in Sources */,
				D697C9B325383C260045EE96 /* MovieEndpoint.swift in Sources */,
				D65994B924D328FC003C7DF9 /* MovieDetailViewController.swift in Sources */,
				D669601524CA369000FF0758 /* MoviesViewController.swift in Sources */,
				D64EB41824E4E9AD00B608CF /* CreditDetailModal.swift in Sources */,
				D650B98624CB99AF00DD1E61 /* Crew.swift in Sources */,
				D6E3686624CA737A00863736 /* UIImage+Additions.swift in Sources */,
				D650B97E24CB858100DD1E61 /* Movie.swift in Sources */,
				D6A0549024E33BE0009C87B2 /* OverviewHeader.swift in Sources */,
				D619A78625149E2F002639B2 /* ShowDetailSeasons.swift in Sources */,
				D6C39B0624EBC7CC0033C11B /* MovieSectionCell.swift in Sources */,
				D650B97C24CB855300DD1E61 /* Genre.swift in Sources */,
				D64EB41624E36EA800B608CF /* MovieDetailRecommendations.swift in Sources */,
				D6C39B0424EB64000033C11B /* UICollectionView+Additions.swift in Sources */,
				D654B9C324FB82EB005620FD /* UILabel+Additions.swift in Sources */,
				D6A0548E24E30530009C87B2 /* String+Additions.swift in Sources */,
			);
			runOnlyForDeploymentPostprocessing = 0;
		};
		D6464FD424CA306F00C4497E /* Sources */ = {
			isa = PBXSourcesBuildPhase;
			buildActionMask = 2147483647;
			files = (
				D6464FDD24CA306F00C4497E /* Swift_WatchTests.swift in Sources */,
			);
			runOnlyForDeploymentPostprocessing = 0;
		};
		D6464FDF24CA306F00C4497E /* Sources */ = {
			isa = PBXSourcesBuildPhase;
			buildActionMask = 2147483647;
			files = (
				D6464FE824CA306F00C4497E /* Swift_WatchUITests.swift in Sources */,
			);
			runOnlyForDeploymentPostprocessing = 0;
		};
/* End PBXSourcesBuildPhase section */

/* Begin PBXTargetDependency section */
		D6464FDA24CA306F00C4497E /* PBXTargetDependency */ = {
			isa = PBXTargetDependency;
			target = D6464FC124CA306E00C4497E /* Swift Watch */;
			targetProxy = D6464FD924CA306F00C4497E /* PBXContainerItemProxy */;
		};
		D6464FE524CA306F00C4497E /* PBXTargetDependency */ = {
			isa = PBXTargetDependency;
			target = D6464FC124CA306E00C4497E /* Swift Watch */;
			targetProxy = D6464FE424CA306F00C4497E /* PBXContainerItemProxy */;
		};
/* End PBXTargetDependency section */

/* Begin PBXVariantGroup section */
		D6464FD024CA306F00C4497E /* LaunchScreen.storyboard */ = {
			isa = PBXVariantGroup;
			children = (
				D6464FD124CA306F00C4497E /* Base */,
			);
			name = LaunchScreen.storyboard;
			sourceTree = "<group>";
		};
/* End PBXVariantGroup section */

/* Begin XCBuildConfiguration section */
		D6464FEA24CA306F00C4497E /* Debug */ = {
			isa = XCBuildConfiguration;
			buildSettings = {
				ALWAYS_SEARCH_USER_PATHS = NO;
				CLANG_ANALYZER_NONNULL = YES;
				CLANG_ANALYZER_NUMBER_OBJECT_CONVERSION = YES_AGGRESSIVE;
				CLANG_CXX_LANGUAGE_STANDARD = "gnu++14";
				CLANG_CXX_LIBRARY = "libc++";
				CLANG_ENABLE_MODULES = YES;
				CLANG_ENABLE_OBJC_ARC = YES;
				CLANG_ENABLE_OBJC_WEAK = YES;
				CLANG_WARN_BLOCK_CAPTURE_AUTORELEASING = YES;
				CLANG_WARN_BOOL_CONVERSION = YES;
				CLANG_WARN_COMMA = YES;
				CLANG_WARN_CONSTANT_CONVERSION = YES;
				CLANG_WARN_DEPRECATED_OBJC_IMPLEMENTATIONS = YES;
				CLANG_WARN_DIRECT_OBJC_ISA_USAGE = YES_ERROR;
				CLANG_WARN_DOCUMENTATION_COMMENTS = YES;
				CLANG_WARN_EMPTY_BODY = YES;
				CLANG_WARN_ENUM_CONVERSION = YES;
				CLANG_WARN_INFINITE_RECURSION = YES;
				CLANG_WARN_INT_CONVERSION = YES;
				CLANG_WARN_NON_LITERAL_NULL_CONVERSION = YES;
				CLANG_WARN_OBJC_IMPLICIT_RETAIN_SELF = YES;
				CLANG_WARN_OBJC_LITERAL_CONVERSION = YES;
				CLANG_WARN_OBJC_ROOT_CLASS = YES_ERROR;
				CLANG_WARN_QUOTED_INCLUDE_IN_FRAMEWORK_HEADER = YES;
				CLANG_WARN_RANGE_LOOP_ANALYSIS = YES;
				CLANG_WARN_STRICT_PROTOTYPES = YES;
				CLANG_WARN_SUSPICIOUS_MOVE = YES;
				CLANG_WARN_UNGUARDED_AVAILABILITY = YES_AGGRESSIVE;
				CLANG_WARN_UNREACHABLE_CODE = YES;
				CLANG_WARN__DUPLICATE_METHOD_MATCH = YES;
				COPY_PHASE_STRIP = NO;
				DEBUG_INFORMATION_FORMAT = dwarf;
				ENABLE_STRICT_OBJC_MSGSEND = YES;
				ENABLE_TESTABILITY = YES;
				GCC_C_LANGUAGE_STANDARD = gnu11;
				GCC_DYNAMIC_NO_PIC = NO;
				GCC_NO_COMMON_BLOCKS = YES;
				GCC_OPTIMIZATION_LEVEL = 0;
				GCC_PREPROCESSOR_DEFINITIONS = (
					"DEBUG=1",
					"$(inherited)",
				);
				GCC_WARN_64_TO_32_BIT_CONVERSION = YES;
				GCC_WARN_ABOUT_RETURN_TYPE = YES_ERROR;
				GCC_WARN_UNDECLARED_SELECTOR = YES;
				GCC_WARN_UNINITIALIZED_AUTOS = YES_AGGRESSIVE;
				GCC_WARN_UNUSED_FUNCTION = YES;
				GCC_WARN_UNUSED_VARIABLE = YES;
				IPHONEOS_DEPLOYMENT_TARGET = 11.0;
				MTL_ENABLE_DEBUG_INFO = INCLUDE_SOURCE;
				MTL_FAST_MATH = YES;
				ONLY_ACTIVE_ARCH = YES;
				SDKROOT = iphoneos;
				SWIFT_ACTIVE_COMPILATION_CONDITIONS = DEBUG;
				SWIFT_OPTIMIZATION_LEVEL = "-Onone";
			};
			name = Debug;
		};
		D6464FEB24CA306F00C4497E /* Release */ = {
			isa = XCBuildConfiguration;
			buildSettings = {
				ALWAYS_SEARCH_USER_PATHS = NO;
				CLANG_ANALYZER_NONNULL = YES;
				CLANG_ANALYZER_NUMBER_OBJECT_CONVERSION = YES_AGGRESSIVE;
				CLANG_CXX_LANGUAGE_STANDARD = "gnu++14";
				CLANG_CXX_LIBRARY = "libc++";
				CLANG_ENABLE_MODULES = YES;
				CLANG_ENABLE_OBJC_ARC = YES;
				CLANG_ENABLE_OBJC_WEAK = YES;
				CLANG_WARN_BLOCK_CAPTURE_AUTORELEASING = YES;
				CLANG_WARN_BOOL_CONVERSION = YES;
				CLANG_WARN_COMMA = YES;
				CLANG_WARN_CONSTANT_CONVERSION = YES;
				CLANG_WARN_DEPRECATED_OBJC_IMPLEMENTATIONS = YES;
				CLANG_WARN_DIRECT_OBJC_ISA_USAGE = YES_ERROR;
				CLANG_WARN_DOCUMENTATION_COMMENTS = YES;
				CLANG_WARN_EMPTY_BODY = YES;
				CLANG_WARN_ENUM_CONVERSION = YES;
				CLANG_WARN_INFINITE_RECURSION = YES;
				CLANG_WARN_INT_CONVERSION = YES;
				CLANG_WARN_NON_LITERAL_NULL_CONVERSION = YES;
				CLANG_WARN_OBJC_IMPLICIT_RETAIN_SELF = YES;
				CLANG_WARN_OBJC_LITERAL_CONVERSION = YES;
				CLANG_WARN_OBJC_ROOT_CLASS = YES_ERROR;
				CLANG_WARN_QUOTED_INCLUDE_IN_FRAMEWORK_HEADER = YES;
				CLANG_WARN_RANGE_LOOP_ANALYSIS = YES;
				CLANG_WARN_STRICT_PROTOTYPES = YES;
				CLANG_WARN_SUSPICIOUS_MOVE = YES;
				CLANG_WARN_UNGUARDED_AVAILABILITY = YES_AGGRESSIVE;
				CLANG_WARN_UNREACHABLE_CODE = YES;
				CLANG_WARN__DUPLICATE_METHOD_MATCH = YES;
				COPY_PHASE_STRIP = NO;
				DEBUG_INFORMATION_FORMAT = "dwarf-with-dsym";
				ENABLE_NS_ASSERTIONS = NO;
				ENABLE_STRICT_OBJC_MSGSEND = YES;
				GCC_C_LANGUAGE_STANDARD = gnu11;
				GCC_NO_COMMON_BLOCKS = YES;
				GCC_WARN_64_TO_32_BIT_CONVERSION = YES;
				GCC_WARN_ABOUT_RETURN_TYPE = YES_ERROR;
				GCC_WARN_UNDECLARED_SELECTOR = YES;
				GCC_WARN_UNINITIALIZED_AUTOS = YES_AGGRESSIVE;
				GCC_WARN_UNUSED_FUNCTION = YES;
				GCC_WARN_UNUSED_VARIABLE = YES;
				IPHONEOS_DEPLOYMENT_TARGET = 11.0;
				MTL_ENABLE_DEBUG_INFO = NO;
				MTL_FAST_MATH = YES;
				SDKROOT = iphoneos;
				SWIFT_COMPILATION_MODE = wholemodule;
				SWIFT_OPTIMIZATION_LEVEL = "-O";
				VALIDATE_PRODUCT = YES;
			};
			name = Release;
		};
		D6464FED24CA306F00C4497E /* Debug */ = {
			isa = XCBuildConfiguration;
			baseConfigurationReference = ED1BAA7AF028A06302D085DE /* Pods-Swift Watch.debug.xcconfig */;
			buildSettings = {
				ASSETCATALOG_COMPILER_APPICON_NAME = AppIcon;
				CODE_SIGN_STYLE = Automatic;
				DEVELOPMENT_TEAM = 9JVZR3762B;
				INFOPLIST_FILE = "Swift Watch/Info.plist";
				IPHONEOS_DEPLOYMENT_TARGET = 11.0;
				LD_RUNPATH_SEARCH_PATHS = (
					"$(inherited)",
					"@executable_path/Frameworks",
				);
				PRODUCT_BUNDLE_IDENTIFIER = "dev.ragofjoes.Swift-Watch";
				PRODUCT_NAME = "$(TARGET_NAME)";
				SWIFT_VERSION = 5.0;
				TARGETED_DEVICE_FAMILY = "1,2";
			};
			name = Debug;
		};
		D6464FEE24CA306F00C4497E /* Release */ = {
			isa = XCBuildConfiguration;
			baseConfigurationReference = 186D49410E30686A1FC0AAFA /* Pods-Swift Watch.release.xcconfig */;
			buildSettings = {
				ASSETCATALOG_COMPILER_APPICON_NAME = AppIcon;
				CODE_SIGN_STYLE = Automatic;
				DEVELOPMENT_TEAM = 9JVZR3762B;
				INFOPLIST_FILE = "Swift Watch/Info.plist";
				IPHONEOS_DEPLOYMENT_TARGET = 11.0;
				LD_RUNPATH_SEARCH_PATHS = (
					"$(inherited)",
					"@executable_path/Frameworks",
				);
				PRODUCT_BUNDLE_IDENTIFIER = "dev.ragofjoes.Swift-Watch";
				PRODUCT_NAME = "$(TARGET_NAME)";
				SWIFT_VERSION = 5.0;
				TARGETED_DEVICE_FAMILY = "1,2";
			};
			name = Release;
		};
		D6464FF024CA306F00C4497E /* Debug */ = {
			isa = XCBuildConfiguration;
			baseConfigurationReference = 32A345F94D379E9B222147F8 /* Pods-Swift WatchTests.debug.xcconfig */;
			buildSettings = {
				ALWAYS_EMBED_SWIFT_STANDARD_LIBRARIES = YES;
				BUNDLE_LOADER = "$(TEST_HOST)";
				CODE_SIGN_STYLE = Automatic;
				INFOPLIST_FILE = "Swift WatchTests/Info.plist";
				IPHONEOS_DEPLOYMENT_TARGET = 13.6;
				LD_RUNPATH_SEARCH_PATHS = (
					"$(inherited)",
					"@executable_path/Frameworks",
					"@loader_path/Frameworks",
				);
				PRODUCT_BUNDLE_IDENTIFIER = "dev.ragofjoes.Swift-WatchTests";
				PRODUCT_NAME = "$(TARGET_NAME)";
				SWIFT_VERSION = 5.0;
				TARGETED_DEVICE_FAMILY = "1,2";
				TEST_HOST = "$(BUILT_PRODUCTS_DIR)/Swift Watch.app/Swift Watch";
			};
			name = Debug;
		};
		D6464FF124CA306F00C4497E /* Release */ = {
			isa = XCBuildConfiguration;
			baseConfigurationReference = E4F5CFDD9E59CDE943331114 /* Pods-Swift WatchTests.release.xcconfig */;
			buildSettings = {
				ALWAYS_EMBED_SWIFT_STANDARD_LIBRARIES = YES;
				BUNDLE_LOADER = "$(TEST_HOST)";
				CODE_SIGN_STYLE = Automatic;
				INFOPLIST_FILE = "Swift WatchTests/Info.plist";
				IPHONEOS_DEPLOYMENT_TARGET = 13.6;
				LD_RUNPATH_SEARCH_PATHS = (
					"$(inherited)",
					"@executable_path/Frameworks",
					"@loader_path/Frameworks",
				);
				PRODUCT_BUNDLE_IDENTIFIER = "dev.ragofjoes.Swift-WatchTests";
				PRODUCT_NAME = "$(TARGET_NAME)";
				SWIFT_VERSION = 5.0;
				TARGETED_DEVICE_FAMILY = "1,2";
				TEST_HOST = "$(BUILT_PRODUCTS_DIR)/Swift Watch.app/Swift Watch";
			};
			name = Release;
		};
		D6464FF324CA306F00C4497E /* Debug */ = {
			isa = XCBuildConfiguration;
			baseConfigurationReference = A3EF17058EB55B20963E4D33 /* Pods-Swift Watch-Swift WatchUITests.debug.xcconfig */;
			buildSettings = {
				ALWAYS_EMBED_SWIFT_STANDARD_LIBRARIES = YES;
				CODE_SIGN_STYLE = Automatic;
				INFOPLIST_FILE = "Swift WatchUITests/Info.plist";
				LD_RUNPATH_SEARCH_PATHS = (
					"$(inherited)",
					"@executable_path/Frameworks",
					"@loader_path/Frameworks",
				);
				PRODUCT_BUNDLE_IDENTIFIER = "dev.ragofjoes.Swift-WatchUITests";
				PRODUCT_NAME = "$(TARGET_NAME)";
				SWIFT_VERSION = 5.0;
				TARGETED_DEVICE_FAMILY = "1,2";
				TEST_TARGET_NAME = "Swift Watch";
			};
			name = Debug;
		};
		D6464FF424CA306F00C4497E /* Release */ = {
			isa = XCBuildConfiguration;
			baseConfigurationReference = D78C273B4AA746082365FFBE /* Pods-Swift Watch-Swift WatchUITests.release.xcconfig */;
			buildSettings = {
				ALWAYS_EMBED_SWIFT_STANDARD_LIBRARIES = YES;
				CODE_SIGN_STYLE = Automatic;
				INFOPLIST_FILE = "Swift WatchUITests/Info.plist";
				LD_RUNPATH_SEARCH_PATHS = (
					"$(inherited)",
					"@executable_path/Frameworks",
					"@loader_path/Frameworks",
				);
				PRODUCT_BUNDLE_IDENTIFIER = "dev.ragofjoes.Swift-WatchUITests";
				PRODUCT_NAME = "$(TARGET_NAME)";
				SWIFT_VERSION = 5.0;
				TARGETED_DEVICE_FAMILY = "1,2";
				TEST_TARGET_NAME = "Swift Watch";
			};
			name = Release;
		};
/* End XCBuildConfiguration section */

/* Begin XCConfigurationList section */
		D6464FBD24CA306E00C4497E /* Build configuration list for PBXProject "Swift Watch" */ = {
			isa = XCConfigurationList;
			buildConfigurations = (
				D6464FEA24CA306F00C4497E /* Debug */,
				D6464FEB24CA306F00C4497E /* Release */,
			);
			defaultConfigurationIsVisible = 0;
			defaultConfigurationName = Release;
		};
		D6464FEC24CA306F00C4497E /* Build configuration list for PBXNativeTarget "Swift Watch" */ = {
			isa = XCConfigurationList;
			buildConfigurations = (
				D6464FED24CA306F00C4497E /* Debug */,
				D6464FEE24CA306F00C4497E /* Release */,
			);
			defaultConfigurationIsVisible = 0;
			defaultConfigurationName = Release;
		};
		D6464FEF24CA306F00C4497E /* Build configuration list for PBXNativeTarget "Swift WatchTests" */ = {
			isa = XCConfigurationList;
			buildConfigurations = (
				D6464FF024CA306F00C4497E /* Debug */,
				D6464FF124CA306F00C4497E /* Release */,
			);
			defaultConfigurationIsVisible = 0;
			defaultConfigurationName = Release;
		};
		D6464FF224CA306F00C4497E /* Build configuration list for PBXNativeTarget "Swift WatchUITests" */ = {
			isa = XCConfigurationList;
			buildConfigurations = (
				D6464FF324CA306F00C4497E /* Debug */,
				D6464FF424CA306F00C4497E /* Release */,
			);
			defaultConfigurationIsVisible = 0;
			defaultConfigurationName = Release;
		};
/* End XCConfigurationList section */
	};
	rootObject = D6464FBA24CA306E00C4497E /* Project object */;
}
